// !$*UTF8*$!
{
	archiveVersion = 1;
	classes = {
	};
	objectVersion = 46;
	objects = {

/* Begin PBXBuildFile section */
		FD11214D1EC0DB8600DEFB02 /* AppDelegate.swift in Sources */ = {isa = PBXBuildFile; fileRef = FD11214C1EC0DB8600DEFB02 /* AppDelegate.swift */; };
		FD11214F1EC0DB8600DEFB02 /* ViewController.swift in Sources */ = {isa = PBXBuildFile; fileRef = FD11214E1EC0DB8600DEFB02 /* ViewController.swift */; };
		FD1121521EC0DB8600DEFB02 /* Main.storyboard in Resources */ = {isa = PBXBuildFile; fileRef = FD1121501EC0DB8600DEFB02 /* Main.storyboard */; };
		FD1121541EC0DB8600DEFB02 /* Assets.xcassets in Resources */ = {isa = PBXBuildFile; fileRef = FD1121531EC0DB8600DEFB02 /* Assets.xcassets */; };
		FD1121571EC0DB8600DEFB02 /* LaunchScreen.storyboard in Resources */ = {isa = PBXBuildFile; fileRef = FD1121551EC0DB8600DEFB02 /* LaunchScreen.storyboard */; };
/* End PBXBuildFile section */

/* Begin PBXFileReference section */
		FD1121491EC0DB8600DEFB02 /* NavigationBarMenu.app */ = {isa = PBXFileReference; explicitFileType = wrapper.application; includeInIndex = 0; path = NavigationBarMenu.app; sourceTree = BUILT_PRODUCTS_DIR; };
		FD11214C1EC0DB8600DEFB02 /* AppDelegate.swift */ = {isa = PBXFileReference; lastKnownFileType = sourcecode.swift; path = AppDelegate.swift; sourceTree = "<group>"; };
		FD11214E1EC0DB8600DEFB02 /* ViewController.swift */ = {isa = PBXFileReference; lastKnownFileType = sourcecode.swift; path = ViewController.swift; sourceTree = "<group>"; };
		FD1121511EC0DB8600DEFB02 /* Base */ = {isa = PBXFileReference; lastKnownFileType = file.storyboard; name = Base; path = Base.lproj/Main.storyboard; sourceTree = "<group>"; };
		FD1121531EC0DB8600DEFB02 /* Assets.xcassets */ = {isa = PBXFileReference; lastKnownFileType = folder.assetcatalog; path = Assets.xcassets; sourceTree = "<group>"; };
		FD1121561EC0DB8600DEFB02 /* Base */ = {isa = PBXFileReference; lastKnownFileType = file.storyboard; name = Base; path = Base.lproj/LaunchScreen.storyboard; sourceTree = "<group>"; };
		FD1121581EC0DB8600DEFB02 /* Info.plist */ = {isa = PBXFileReference; lastKnownFileType = text.plist.xml; path = Info.plist; sourceTree = "<group>"; };
/* End PBXFileReference section */

/* Begin PBXFrameworksBuildPhase section */
		FD1121461EC0DB8600DEFB02 /* Frameworks */ = {
			isa = PBXFrameworksBuildPhase;
			buildActionMask = 2147483647;
			files = (
			);
			runOnlyForDeploymentPostprocessing = 0;
		};
/* End PBXFrameworksBuildPhase section */

/* Begin PBXGroup section */
		FD1121401EC0DB8600DEFB02 = {
			isa = PBXGroup;
			children = (
				FD11214B1EC0DB8600DEFB02 /* NavigationBarMenu */,
				FD11214A1EC0DB8600DEFB02 /* Products */,
			);
			sourceTree = "<group>";
		};
		FD11214A1EC0DB8600DEFB02 /* Products */ = {
			isa = PBXGroup;
			children = (
				FD1121491EC0DB8600DEFB02 /* NavigationBarMenu.app */,
			);
			name = Products;
			sourceTree = "<group>";
		};
		FD11214B1EC0DB8600DEFB02 /* NavigationBarMenu */ = {
			isa = PBXGroup;
			children = (
				FD11214C1EC0DB8600DEFB02 /* AppDelegate.swift */,
				FD11214E1EC0DB8600DEFB02 /* ViewController.swift */,
				FD1121501EC0DB8600DEFB02 /* Main.storyboard */,
				FD1121531EC0DB8600DEFB02 /* Assets.xcassets */,
				FD1121551EC0DB8600DEFB02 /* LaunchScreen.storyboard */,
				FD1121581EC0DB8600DEFB02 /* Info.plist */,
			);
			path = NavigationBarMenu;
			sourceTree = "<group>";
		};
/* End PBXGroup section */

/* Begin PBXNativeTarget section */
		FD1121481EC0DB8600DEFB02 /* NavigationBarMenu */ = {
			isa = PBXNativeTarget;
			buildConfigurationList = FD11215B1EC0DB8600DEFB02 /* Build configuration list for PBXNativeTarget "NavigationBarMenu" */;
			buildPhases = (
				FD1121451EC0DB8600DEFB02 /* Sources */,
				FD1121461EC0DB8600DEFB02 /* Frameworks */,
				FD1121471EC0DB8600DEFB02 /* Resources */,
			);
			buildRules = (
			);
			dependencies = (
			);
			name = NavigationBarMenu;
			productName = NavigationBarMenu;
			productReference = FD1121491EC0DB8600DEFB02 /* NavigationBarMenu.app */;
			productType = "com.apple.product-type.application";
		};
/* End PBXNativeTarget section */

/* Begin PBXProject section */
		FD1121411EC0DB8600DEFB02 /* Project object */ = {
			isa = PBXProject;
			attributes = {
				LastSwiftUpdateCheck = 0830;
				LastUpgradeCheck = 0830;
				ORGANIZATIONNAME = "Basil Baragabah";
				TargetAttributes = {
					FD1121481EC0DB8600DEFB02 = {
						CreatedOnToolsVersion = 8.3.2;
						DevelopmentTeam = CP92CMD5E4;
						ProvisioningStyle = Automatic;
					};
				};
			};
			buildConfigurationList = FD1121441EC0DB8600DEFB02 /* Build configuration list for PBXProject "NavigationBarMenu" */;
			compatibilityVersion = "Xcode 3.2";
			developmentRegion = English;
			hasScannedForEncodings = 0;
			knownRegions = (
				en,
				Base,
			);
			mainGroup = FD1121401EC0DB8600DEFB02;
			productRefGroup = FD11214A1EC0DB8600DEFB02 /* Products */;
			projectDirPath = "";
			projectRoot = "";
			targets = (
				FD1121481EC0DB8600DEFB02 /* NavigationBarMenu */,
			);
		};
/* End PBXProject section */

/* Begin PBXResourcesBuildPhase section */
		FD1121471EC0DB8600DEFB02 /* Resources */ = {
			isa = PBXResourcesBuildPhase;
			buildActionMask = 2147483647;
			files = (
				FD1121571EC0DB8600DEFB02 /* LaunchScreen.storyboard in Resources */,
				FD1121541EC0DB8600DEFB02 /* Assets.xcassets in Resources */,
				FD1121521EC0DB8600DEFB02 /* Main.storyboard in Resources */,
			);
			runOnlyForDeploymentPostprocessing = 0;
		};
/* End PBXResourcesBuildPhase section */

/* Begin PBXSourcesBuildPhase section */
		FD1121451EC0DB8600DEFB02 /* Sources */ = {
			isa = PBXSourcesBuildPhase;
			buildActionMask = 2147483647;
			files = (
				FD11214F1EC0DB8600DEFB02 /* ViewController.swift in Sources */,
				FD11214D1EC0DB8600DEFB02 /* AppDelegate.swift in Sources */,
			);
			runOnlyForDeploymentPostprocessing = 0;
		};
/* End PBXSourcesBuildPhase section */

/* Begin PBXVariantGroup section */
		FD1121501EC0DB8600DEFB02 /* Main.storyboard */ = {
			isa = PBXVariantGroup;
			children = (
				FD1121511EC0DB8600DEFB02 /* Base */,
			);
			name = Main.storyboard;
			sourceTree = "<group>";
		};
		FD1121551EC0DB8600DEFB02 /* LaunchScreen.storyboard */ = {
			isa = PBXVariantGroup;
			children = (
				FD1121561EC0DB8600DEFB02 /* Base */,
			);
			name = LaunchScreen.storyboard;
			sourceTree = "<group>";
		};
/* End PBXVariantGroup section */

/* Begin XCBuildConfiguration section */
		FD1121591EC0DB8600DEFB02 /* Debug */ = {
			isa = XCBuildConfiguration;
			buildSettings = {
				ALWAYS_SEARCH_USER_PATHS = NO;
				CLANG_ANALYZER_NONNULL = YES;
				CLANG_ANALYZER_NUMBER_OBJECT_CONVERSION = YES_AGGRESSIVE;
				CLANG_CXX_LANGUAGE_STANDARD = "gnu++0x";
				CLANG_CXX_LIBRARY = "libc++";
				CLANG_ENABLE_MODULES = YES;
				CLANG_ENABLE_OBJC_ARC = YES;
				CLANG_WARN_BOOL_CONVERSION = YES;
				CLANG_WARN_CONSTANT_CONVERSION = YES;
				CLANG_WARN_DIRECT_OBJC_ISA_USAGE = YES_ERROR;
				CLANG_WARN_DOCUMENTATION_COMMENTS = YES;
				CLANG_WARN_EMPTY_BODY = YES;
				CLANG_WARN_ENUM_CONVERSION = YES;
				CLANG_WARN_INFINITE_RECURSION = YES;
				CLANG_WARN_INT_CONVERSION = YES;
				CLANG_WARN_OBJC_ROOT_CLASS = YES_ERROR;
				CLANG_WARN_SUSPICIOUS_MOVE = YES;
				CLANG_WARN_UNREACHABLE_CODE = YES;
				CLANG_WARN__DUPLICATE_METHOD_MATCH = YES;
				"CODE_SIGN_IDENTITY[sdk=iphoneos*]" = "iPhone Developer";
				COPY_PHASE_STRIP = NO;
				DEBUG_INFORMATION_FORMAT = dwarf;
				ENABLE_STRICT_OBJC_MSGSEND = YES;
				ENABLE_TESTABILITY = YES;
				GCC_C_LANGUAGE_STANDARD = gnu99;
				GCC_DYNAMIC_NO_PIC = NO;
				GCC_NO_COMMON_BLOCKS = YES;
				GCC_OPTIMIZATION_LEVEL = 0;
				GCC_PREPROCESSOR_DEFINITIONS = (
					"DEBUG=1",
					"$(inherited)",
				);
				GCC_WARN_64_TO_32_BIT_CONVERSION = YES;
				GCC_WARN_ABOUT_RETURN_TYPE = YES_ERROR;
				GCC_WARN_UNDECLARED_SELECTOR = YES;
				GCC_WARN_UNINITIALIZED_AUTOS = YES_AGGRESSIVE;
				GCC_WARN_UNUSED_FUNCTION = YES;
				GCC_WARN_UNUSED_VARIABLE = YES;
				IPHONEOS_DEPLOYMENT_TARGET = 10.3;
				MTL_ENABLE_DEBUG_INFO = YES;
				ONLY_ACTIVE_ARCH = YES;
				SDKROOT = iphoneos;
				SWIFT_ACTIVE_COMPILATION_CONDITIONS = DEBUG;
				SWIFT_OPTIMIZATION_LEVEL = "-Onone";
			};
			name = Debug;
		};
		FD11215A1EC0DB8600DEFB02 /* Release */ = {
			isa = XCBuildConfiguration;
			buildSettings = {
				ALWAYS_SEARCH_USER_PATHS = NO;
				CLANG_ANALYZER_NONNULL = YES;
				CLANG_ANALYZER_NUMBER_OBJECT_CONVERSION = YES_AGGRESSIVE;
				CLANG_CXX_LANGUAGE_STANDARD = "gnu++0x";
				CLANG_CXX_LIBRARY = "libc++";
				CLANG_ENABLE_MODULES = YES;
				CLANG_ENABLE_OBJC_ARC = YES;
				CLANG_WARN_BOOL_CONVERSION = YES;
				CLANG_WARN_CONSTANT_CONVERSION = YES;
				CLANG_WARN_DIRECT_OBJC_ISA_USAGE = YES_ERROR;
				CLANG_WARN_DOCUMENTATION_COMMENTS = YES;
				CLANG_WARN_EMPTY_BODY = YES;
				CLANG_WARN_ENUM_CONVERSION = YES;
				CLANG_WARN_INFINITE_RECURSION = YES;
				CLANG_WARN_INT_CONVERSION = YES;
				CLANG_WARN_OBJC_ROOT_CLASS = YES_ERROR;
				CLANG_WARN_SUSPICIOUS_MOVE = YES;
				CLANG_WARN_UNREACHABLE_CODE = YES;
				CLANG_WARN__DUPLICATE_METHOD_MATCH = YES;
				"CODE_SIGN_IDENTITY[sdk=iphoneos*]" = "iPhone Developer";
				COPY_PHASE_STRIP = NO;
				DEBUG_INFORMATION_FORMAT = "dwarf-with-dsym";
				ENABLE_NS_ASSERTIONS = NO;
				ENABLE_STRICT_OBJC_MSGSEND = YES;
				GCC_C_LANGUAGE_STANDARD = gnu99;
				GCC_NO_COMMON_BLOCKS = YES;
				GCC_WARN_64_TO_32_BIT_CONVERSION = YES;
				GCC_WARN_ABOUT_RETURN_TYPE = YES_ERROR;
				GCC_WARN_UNDECLARED_SELECTOR = YES;
				GCC_WARN_UNINITIALIZED_AUTOS = YES_AGGRESSIVE;
				GCC_WARN_UNUSED_FUNCTION = YES;
				GCC_WARN_UNUSED_VARIABLE = YES;
				IPHONEOS_DEPLOYMENT_TARGET = 10.3;
				MTL_ENABLE_DEBUG_INFO = NO;
				SDKROOT = iphoneos;
				SWIFT_OPTIMIZATION_LEVEL = "-Owholemodule";
				VALIDATE_PRODUCT = YES;
			};
			name = Release;
		};
		FD11215C1EC0DB8600DEFB02 /* Debug */ = {
			isa = XCBuildConfiguration;
			buildSettings = {
				ASSETCATALOG_COMPILER_APPICON_NAME = AppIcon;
				DEVELOPMENT_TEAM = CP92CMD5E4;
				INFOPLIST_FILE = NavigationBarMenu/Info.plist;
				LD_RUNPATH_SEARCH_PATHS = "$(inherited) @executable_path/Frameworks";
				PRODUCT_BUNDLE_IDENTIFIER = com.Basil.Baragabah.NavigationBarMenu;
				PRODUCT_NAME = "$(TARGET_NAME)";
				SWIFT_VERSION = 3.0;
			};
			name = Debug;
		};
		FD11215D1EC0DB8600DEFB02 /* Release */ = {
			isa = XCBuildConfiguration;
			buildSettings = {
				ASSETCATALOG_COMPILER_APPICON_NAME = AppIcon;
				DEVELOPMENT_TEAM = CP92CMD5E4;
				INFOPLIST_FILE = NavigationBarMenu/Info.plist;
				LD_RUNPATH_SEARCH_PATHS = "$(inherited) @executable_path/Frameworks";
				PRODUCT_BUNDLE_IDENTIFIER = com.Basil.Baragabah.NavigationBarMenu;
				PRODUCT_NAME = "$(TARGET_NAME)";
				SWIFT_VERSION = 3.0;
			};
			name = Release;
		};
/* End XCBuildConfiguration section */

/* Begin XCConfigurationList section */
		FD1121441EC0DB8600DEFB02 /* Build configuration list for PBXProject "NavigationBarMenu" */ = {
			isa = XCConfigurationList;
			buildConfigurations = (
				FD1121591EC0DB8600DEFB02 /* Debug */,
				FD11215A1EC0DB8600DEFB02 /* Release */,
			);
			defaultConfigurationIsVisible = 0;
			defaultConfigurationName = Release;
		};
		FD11215B1EC0DB8600DEFB02 /* Build configuration list for PBXNativeTarget "NavigationBarMenu" */ = {
			isa = XCConfigurationList;
			buildConfigurations = (
				FD11215C1EC0DB8600DEFB02 /* Debug */,
				FD11215D1EC0DB8600DEFB02 /* Release */,
			);
			defaultConfigurationIsVisible = 0;
		};
/* End XCConfigurationList section */
	};
	rootObject = FD1121411EC0DB8600DEFB02 /* Project object */;
}
